
Microsoft Visual Studio Solution File, Format Version 12.00
# Visual Studio 14
VisualStudioVersion = 14.0.23107.0
MinimumVisualStudioVersion = 10.0.40219.1
Project("{FAE04EC0-301F-11D3-BF4B-00C04F79EFBC}") = "ProvImageMarkup", "ProvImageMarkup\ProvImageMarkup.csproj", "{38E7F3D9-4842-4898-9FE6-9F8E78FBED46}"
EndProject
Project("{FAE04EC0-301F-11D3-BF4B-00C04F79EFBC}") = "MZFields", "..\MZFields\MZFields\MZFields.csproj", "{E79A034C-522C-4973-88C5-9398E9102A4A}"
EndProject
Global
	GlobalSection(SolutionConfigurationPlatforms) = preSolution
		Debug|Any CPU = Debug|Any CPU
		Release|Any CPU = Release|Any CPU
	EndGlobalSection
	GlobalSection(ProjectConfigurationPlatforms) = postSolution
		{38E7F3D9-4842-4898-9FE6-9F8E78FBED46}.Debug|Any CPU.ActiveCfg = Debug|Any CPU
		{38E7F3D9-4842-4898-9FE6-9F8E78FBED46}.Debug|Any CPU.Build.0 = Debug|Any CPU
		{38E7F3D9-4842-4898-9FE6-9F8E78FBED46}.Release|Any CPU.ActiveCfg = Release|Any CPU
		{38E7F3D9-4842-4898-9FE6-9F8E78FBED46}.Release|Any CPU.Build.0 = Release|Any CPU
		{E79A034C-522C-4973-88C5-9398E9102A4A}.Debug|Any CPU.ActiveCfg = Debug|Any CPU
		{E79A034C-522C-4973-88C5-9398E9102A4A}.Debug|Any CPU.Build.0 = Debug|Any CPU
		{E79A034C-522C-4973-88C5-9398E9102A4A}.Release|Any CPU.ActiveCfg = Release|Any CPU
		{E79A034C-522C-4973-88C5-9398E9102A4A}.Release|Any CPU.Build.0 = Release|Any CPU
	EndGlobalSection
	GlobalSection(SolutionProperties) = preSolution
		HideSolutionNode = FALSE
	EndGlobalSection
EndGlobal
